
Microsoft Visual Studio Solution File, Format Version 12.00
# Visual Studio Version 17
VisualStudioVersion = 17.2.32616.157
MinimumVisualStudioVersion = 10.0.40219.1
Project("{FAE04EC0-301F-11D3-BF4B-00C04F79EFBC}") = "EnlightedWorkService", "EnlightedWorkService.csproj", "{1C50D577-9FAF-4BB5-A3CD-0FBD9072940E}"
EndProject
Global
	GlobalSection(SolutionConfigurationPlatforms) = preSolution
		Debug|Any CPU = Debug|Any CPU
		Release|Any CPU = Release|Any CPU
	EndGlobalSection
	GlobalSection(ProjectConfigurationPlatforms) = postSolution
		{1C50D577-9FAF-4BB5-A3CD-0FBD9072940E}.Debug|Any CPU.ActiveCfg = Debug|Any CPU
		{1C50D577-9FAF-4BB5-A3CD-0FBD9072940E}.Debug|Any CPU.Build.0 = Debug|Any CPU
		{1C50D577-9FAF-4BB5-A3CD-0FBD9072940E}.Release|Any CPU.ActiveCfg = Release|Any CPU
		{1C50D577-9FAF-4BB5-A3CD-0FBD9072940E}.Release|Any CPU.Build.0 = Release|Any CPU
	EndGlobalSection
	GlobalSection(SolutionProperties) = preSolution
		HideSolutionNode = FALSE
	EndGlobalSection
	GlobalSection(ExtensibilityGlobals) = postSolution
		SolutionGuid = {AA3D0979-F5D4-4F0B-812C-632B71358CB1}
	EndGlobalSection
EndGlobal
